// !$*UTF8*$!
{
	archiveVersion = 1;
	classes = {
	};
	objectVersion = 56;
	objects = {

/* Begin PBXBuildFile section */
		001 /* FloatCueApp.swift in Sources */ = {isa = PBXBuildFile; fileRef = 101 /* FloatCueApp.swift */; };
		002 /* ContentView.swift in Sources */ = {isa = PBXBuildFile; fileRef = 102 /* ContentView.swift */; };
		004 /* HomeView.swift in Sources */ = {isa = PBXBuildFile; fileRef = 104 /* HomeView.swift */; };
		007 /* Assets.xcassets in Resources */ = {isa = PBXBuildFile; fileRef = 201 /* Assets.xcassets */; };
		008 /* SettingsService.swift in Sources */ = {isa = PBXBuildFile; fileRef = 108 /* SettingsService.swift */; };
		013 /* SettingsView.swift in Sources */ = {isa = PBXBuildFile; fileRef = 109 /* SettingsView.swift */; };
		014 /* TeleprompterView.swift in Sources */ = {isa = PBXBuildFile; fileRef = 110 /* TeleprompterView.swift */; };
		015 /* TeleprompterParser.swift in Sources */ = {isa = PBXBuildFile; fileRef = 111 /* TeleprompterParser.swift */; };
		016 /* TeleprompterPiPManager.swift in Sources */ = {isa = PBXBuildFile; fileRef = 112 /* TeleprompterPiPManager.swift */; };
		017 /* AppColors.swift in Sources */ = {isa = PBXBuildFile; fileRef = 113 /* AppColors.swift */; };
		018 /* OverlayLayout.swift in Sources */ = {isa = PBXBuildFile; fileRef = 114 /* OverlayLayout.swift */; };
		B001 /* OverlayLayoutTests.swift in Sources */ = {isa = PBXBuildFile; fileRef = B101 /* OverlayLayoutTests.swift */; };
		019 /* MandarinSpeechRecognitionService.swift in Sources */ = {isa = PBXBuildFile; fileRef = 115 /* MandarinSpeechRecognitionService.swift */; };
		B002 /* MandarinSpeechRecognitionServiceTests.swift in Sources */ = {isa = PBXBuildFile; fileRef = B103 /* MandarinSpeechRecognitionServiceTests.swift */; };
		020 /* SpeechAudioSessionCoordinator.swift in Sources */ = {isa = PBXBuildFile; fileRef = 116 /* SpeechAudioSessionCoordinator.swift */; };
		B003 /* SpeechAudioSessionCoordinatorTests.swift in Sources */ = {isa = PBXBuildFile; fileRef = B104 /* SpeechAudioSessionCoordinatorTests.swift */; };
		021 /* TeleprompterScrollMode.swift in Sources */ = {isa = PBXBuildFile; fileRef = 117 /* TeleprompterScrollMode.swift */; };
		B004 /* TeleprompterScrollModeTests.swift in Sources */ = {isa = PBXBuildFile; fileRef = B105 /* TeleprompterScrollModeTests.swift */; };
		022 /* MandarinScriptAligner.swift in Sources */ = {isa = PBXBuildFile; fileRef = 118 /* MandarinScriptAligner.swift */; };
		B005 /* MandarinScriptAlignerTests.swift in Sources */ = {isa = PBXBuildFile; fileRef = B106 /* MandarinScriptAlignerTests.swift */; };
		023 /* VoiceScrollCoordinator.swift in Sources */ = {isa = PBXBuildFile; fileRef = 119 /* VoiceScrollCoordinator.swift */; };
		B006 /* VoiceScrollCoordinatorTests.swift in Sources */ = {isa = PBXBuildFile; fileRef = B107 /* VoiceScrollCoordinatorTests.swift */; };
		AA856D562F060DFC00B0CBC6 /* GlassEffect.swift in Sources */ = {isa = PBXBuildFile; fileRef = AA856D542F060DFC00B0CBC6 /* GlassEffect.swift */; };
/* End PBXBuildFile section */

/* Begin PBXContainerItemProxy section */
		B201 /* PBXContainerItemProxy */ = {
			isa = PBXContainerItemProxy;
			containerPortal = 1000 /* Project object */;
			proxyType = 1;
			remoteGlobalIDString = 800;
			remoteInfo = FloatCue;
		};
/* End PBXContainerItemProxy section */

/* Begin PBXFileReference section */
		101 /* FloatCueApp.swift */ = {isa = PBXFileReference; lastKnownFileType = sourcecode.swift; path = FloatCueApp.swift; sourceTree = "<group>"; };
		102 /* ContentView.swift */ = {isa = PBXFileReference; lastKnownFileType = sourcecode.swift; path = ContentView.swift; sourceTree = "<group>"; };
		104 /* HomeView.swift */ = {isa = PBXFileReference; lastKnownFileType = sourcecode.swift; path = HomeView.swift; sourceTree = "<group>"; };
		107 /* Info.plist */ = {isa = PBXFileReference; lastKnownFileType = text.plist.xml; path = Info.plist; sourceTree = "<group>"; };
		108 /* SettingsService.swift */ = {isa = PBXFileReference; lastKnownFileType = sourcecode.swift; path = SettingsService.swift; sourceTree = "<group>"; };
		109 /* SettingsView.swift */ = {isa = PBXFileReference; lastKnownFileType = sourcecode.swift; path = SettingsView.swift; sourceTree = "<group>"; };
		110 /* TeleprompterView.swift */ = {isa = PBXFileReference; lastKnownFileType = sourcecode.swift; path = TeleprompterView.swift; sourceTree = "<group>"; };
		111 /* TeleprompterParser.swift */ = {isa = PBXFileReference; lastKnownFileType = sourcecode.swift; path = TeleprompterParser.swift; sourceTree = "<group>"; };
		112 /* TeleprompterPiPManager.swift */ = {isa = PBXFileReference; lastKnownFileType = sourcecode.swift; path = TeleprompterPiPManager.swift; sourceTree = "<group>"; };
		113 /* AppColors.swift */ = {isa = PBXFileReference; lastKnownFileType = sourcecode.swift; path = AppColors.swift; sourceTree = "<group>"; };
		114 /* OverlayLayout.swift */ = {isa = PBXFileReference; lastKnownFileType = sourcecode.swift; path = OverlayLayout.swift; sourceTree = "<group>"; };
		115 /* MandarinSpeechRecognitionService.swift */ = {isa = PBXFileReference; lastKnownFileType = sourcecode.swift; path = MandarinSpeechRecognitionService.swift; sourceTree = "<group>"; };
		116 /* SpeechAudioSessionCoordinator.swift */ = {isa = PBXFileReference; lastKnownFileType = sourcecode.swift; path = SpeechAudioSessionCoordinator.swift; sourceTree = "<group>"; };
		117 /* TeleprompterScrollMode.swift */ = {isa = PBXFileReference; lastKnownFileType = sourcecode.swift; path = TeleprompterScrollMode.swift; sourceTree = "<group>"; };
		118 /* MandarinScriptAligner.swift */ = {isa = PBXFileReference; lastKnownFileType = sourcecode.swift; path = MandarinScriptAligner.swift; sourceTree = "<group>"; };
		119 /* VoiceScrollCoordinator.swift */ = {isa = PBXFileReference; lastKnownFileType = sourcecode.swift; path = VoiceScrollCoordinator.swift; sourceTree = "<group>"; };
		201 /* Assets.xcassets */ = {isa = PBXFileReference; lastKnownFileType = folder.assetcatalog; path = Assets.xcassets; sourceTree = "<group>"; };
		501 /* FloatCue.app */ = {isa = PBXFileReference; explicitFileType = wrapper.application; includeInIndex = 0; path = FloatCue.app; sourceTree = BUILT_PRODUCTS_DIR; };
		B101 /* OverlayLayoutTests.swift */ = {isa = PBXFileReference; lastKnownFileType = sourcecode.swift; path = OverlayLayoutTests.swift; sourceTree = "<group>"; };
		B102 /* FloatCueTests.xctest */ = {isa = PBXFileReference; explicitFileType = wrapper.cfbundle; includeInIndex = 0; path = FloatCueTests.xctest; sourceTree = BUILT_PRODUCTS_DIR; };
		B103 /* MandarinSpeechRecognitionServiceTests.swift */ = {isa = PBXFileReference; lastKnownFileType = sourcecode.swift; path = MandarinSpeechRecognitionServiceTests.swift; sourceTree = "<group>"; };
		B104 /* SpeechAudioSessionCoordinatorTests.swift */ = {isa = PBXFileReference; lastKnownFileType = sourcecode.swift; path = SpeechAudioSessionCoordinatorTests.swift; sourceTree = "<group>"; };
		B105 /* TeleprompterScrollModeTests.swift */ = {isa = PBXFileReference; lastKnownFileType = sourcecode.swift; path = TeleprompterScrollModeTests.swift; sourceTree = "<group>"; };
		B106 /* MandarinScriptAlignerTests.swift */ = {isa = PBXFileReference; lastKnownFileType = sourcecode.swift; path = MandarinScriptAlignerTests.swift; sourceTree = "<group>"; };
		B107 /* VoiceScrollCoordinatorTests.swift */ = {isa = PBXFileReference; lastKnownFileType = sourcecode.swift; path = VoiceScrollCoordinatorTests.swift; sourceTree = "<group>"; };
		AA856D542F060DFC00B0CBC6 /* GlassEffect.swift */ = {isa = PBXFileReference; lastKnownFileType = sourcecode.swift; path = GlassEffect.swift; sourceTree = "<group>"; };
/* End PBXFileReference section */

/* Begin PBXFrameworksBuildPhase section */
		601 /* Frameworks */ = {
			isa = PBXFrameworksBuildPhase;
			buildActionMask = 2147483647;
			files = (
			);
			runOnlyForDeploymentPostprocessing = 0;
		};
		B301 /* Frameworks */ = {
			isa = PBXFrameworksBuildPhase;
			buildActionMask = 2147483647;
			files = (
			);
			runOnlyForDeploymentPostprocessing = 0;
		};
/* End PBXFrameworksBuildPhase section */

/* Begin PBXGroup section */
		700 = {
			isa = PBXGroup;
			children = (
				710 /* FloatCue */,
				B400 /* FloatCueTests */,
				720 /* Products */,
			);
			sourceTree = "<group>";
		};
		710 /* FloatCue */ = {
			isa = PBXGroup;
			children = (
				101 /* FloatCueApp.swift */,
				AA856D552F060DFC00B0CBC6 /* Modifiers */,
				711 /* Views */,
				712 /* Services */,
				713 /* Models */,
				107 /* Info.plist */,
				201 /* Assets.xcassets */,
			);
			path = FloatCue;
			sourceTree = "<group>";
		};
		711 /* Views */ = {
			isa = PBXGroup;
			children = (
				102 /* ContentView.swift */,
				104 /* HomeView.swift */,
				109 /* SettingsView.swift */,
				110 /* TeleprompterView.swift */,
			);
			path = Views;
			sourceTree = "<group>";
		};
		712 /* Services */ = {
			isa = PBXGroup;
			children = (
				108 /* SettingsService.swift */,
				112 /* TeleprompterPiPManager.swift */,
				115 /* MandarinSpeechRecognitionService.swift */,
				116 /* SpeechAudioSessionCoordinator.swift */,
			);
			path = Services;
			sourceTree = "<group>";
		};
		713 /* Models */ = {
			isa = PBXGroup;
			children = (
				111 /* TeleprompterParser.swift */,
				113 /* AppColors.swift */,
				114 /* OverlayLayout.swift */,
				117 /* TeleprompterScrollMode.swift */,
				118 /* MandarinScriptAligner.swift */,
				119 /* VoiceScrollCoordinator.swift */,
			);
			path = Models;
			sourceTree = "<group>";
		};
		720 /* Products */ = {
			isa = PBXGroup;
			children = (
				501 /* FloatCue.app */,
				B102 /* FloatCueTests.xctest */,
			);
			name = Products;
			sourceTree = "<group>";
		};
		B400 /* FloatCueTests */ = {
			isa = PBXGroup;
			children = (
				B101 /* OverlayLayoutTests.swift */,
				B103 /* MandarinSpeechRecognitionServiceTests.swift */,
				B104 /* SpeechAudioSessionCoordinatorTests.swift */,
				B105 /* TeleprompterScrollModeTests.swift */,
				B106 /* MandarinScriptAlignerTests.swift */,
				B107 /* VoiceScrollCoordinatorTests.swift */,
			);
			path = FloatCueTests;
			sourceTree = "<group>";
		};
		AA856D552F060DFC00B0CBC6 /* Modifiers */ = {
			isa = PBXGroup;
			children = (
				AA856D542F060DFC00B0CBC6 /* GlassEffect.swift */,
			);
			path = Modifiers;
			sourceTree = "<group>";
		};
/* End PBXGroup section */

/* Begin PBXNativeTarget section */
		800 /* FloatCue */ = {
			isa = PBXNativeTarget;
			buildConfigurationList = 900 /* Build configuration list for PBXNativeTarget "FloatCue" */;
			buildPhases = (
				801 /* Sources */,
				601 /* Frameworks */,
				802 /* Resources */,
			);
			buildRules = (
			);
			dependencies = (
			);
			name = FloatCue;
			packageProductDependencies = (
			);
			productName = FloatCue;
			productReference = 501 /* FloatCue.app */;
			productType = "com.apple.product-type.application";
		};
		B500 /* FloatCueTests */ = {
			isa = PBXNativeTarget;
			buildConfigurationList = B900 /* Build configuration list for PBXNativeTarget "FloatCueTests" */;
			buildPhases = (
				B601 /* Sources */,
				B301 /* Frameworks */,
				B602 /* Resources */,
			);
			buildRules = (
			);
			dependencies = (
				B701 /* PBXTargetDependency */,
			);
			name = FloatCueTests;
			productName = FloatCueTests;
			productReference = B102 /* FloatCueTests.xctest */;
			productType = "com.apple.product-type.bundle.unit-test";
		};
/* End PBXNativeTarget section */

/* Begin PBXProject section */
		1000 /* Project object */ = {
			isa = PBXProject;
			attributes = {
				BuildIndependentTargetsInParallel = 1;
				LastSwiftUpdateCheck = 1500;
				LastUpgradeCheck = 1500;
				TargetAttributes = {
					800 = {
						CreatedOnToolsVersion = 15.0;
					};
					B500 = {
						CreatedOnToolsVersion = 26.0;
						TestTargetID = 800;
					};
				};
			};
			buildConfigurationList = 1001 /* Build configuration list for PBXProject "FloatCue" */;
			compatibilityVersion = "Xcode 14.0";
			developmentRegion = en;
			hasScannedForEncodings = 0;
			knownRegions = (
				en,
				Base,
			);
			mainGroup = 700;
			packageReferences = (
			);
			productRefGroup = 720 /* Products */;
			projectDirPath = "";
			projectRoot = "";
			targets = (
				800 /* FloatCue */,
				B500 /* FloatCueTests */,
			);
		};
/* End PBXProject section */

/* Begin PBXResourcesBuildPhase section */
		802 /* Resources */ = {
			isa = PBXResourcesBuildPhase;
			buildActionMask = 2147483647;
			files = (
				007 /* Assets.xcassets in Resources */,
			);
			runOnlyForDeploymentPostprocessing = 0;
		};
		B602 /* Resources */ = {
			isa = PBXResourcesBuildPhase;
			buildActionMask = 2147483647;
			files = (
			);
			runOnlyForDeploymentPostprocessing = 0;
		};
/* End PBXResourcesBuildPhase section */

/* Begin PBXSourcesBuildPhase section */
		801 /* Sources */ = {
			isa = PBXSourcesBuildPhase;
			buildActionMask = 2147483647;
			files = (
				001 /* FloatCueApp.swift in Sources */,
				017 /* AppColors.swift in Sources */,
				018 /* OverlayLayout.swift in Sources */,
				019 /* MandarinSpeechRecognitionService.swift in Sources */,
				020 /* SpeechAudioSessionCoordinator.swift in Sources */,
				021 /* TeleprompterScrollMode.swift in Sources */,
				022 /* MandarinScriptAligner.swift in Sources */,
				023 /* VoiceScrollCoordinator.swift in Sources */,
				002 /* ContentView.swift in Sources */,
				004 /* HomeView.swift in Sources */,
				008 /* SettingsService.swift in Sources */,
				013 /* SettingsView.swift in Sources */,
				AA856D562F060DFC00B0CBC6 /* GlassEffect.swift in Sources */,
				014 /* TeleprompterView.swift in Sources */,
				015 /* TeleprompterParser.swift in Sources */,
				016 /* TeleprompterPiPManager.swift in Sources */,
			);
			runOnlyForDeploymentPostprocessing = 0;
		};
		B601 /* Sources */ = {
			isa = PBXSourcesBuildPhase;
			buildActionMask = 2147483647;
			files = (
				B001 /* OverlayLayoutTests.swift in Sources */,
				B002 /* MandarinSpeechRecognitionServiceTests.swift in Sources */,
				B003 /* SpeechAudioSessionCoordinatorTests.swift in Sources */,
				B004 /* TeleprompterScrollModeTests.swift in Sources */,
				B005 /* MandarinScriptAlignerTests.swift in Sources */,
				B006 /* VoiceScrollCoordinatorTests.swift in Sources */,
			);
			runOnlyForDeploymentPostprocessing = 0;
		};
/* End PBXSourcesBuildPhase section */

/* Begin PBXTargetDependency section */
		B701 /* PBXTargetDependency */ = {
			isa = PBXTargetDependency;
			target = 800 /* FloatCue */;
			targetProxy = B201 /* PBXContainerItemProxy */;
		};
/* End PBXTargetDependency section */

/* Begin XCBuildConfiguration section */
		A01 /* Debug */ = {
			isa = XCBuildConfiguration;
			buildSettings = {
				ALWAYS_SEARCH_USER_PATHS = NO;
				ASSETCATALOG_COMPILER_GENERATE_SWIFT_ASSET_SYMBOL_EXTENSIONS = YES;
				CLANG_ANALYZER_NONNULL = YES;
				CLANG_ANALYZER_NUMBER_OBJECT_CONVERSION = YES_AGGRESSIVE;
				CLANG_CXX_LANGUAGE_STANDARD = "gnu++20";
				CLANG_ENABLE_MODULES = YES;
				CLANG_ENABLE_OBJC_ARC = YES;
				CLANG_ENABLE_OBJC_WEAK = YES;
				CLANG_WARN_BLOCK_CAPTURE_AUTORELEASING = YES;
				CLANG_WARN_BOOL_CONVERSION = YES;
				CLANG_WARN_COMMA = YES;
				CLANG_WARN_CONSTANT_CONVERSION = YES;
				CLANG_WARN_DEPRECATED_OBJC_IMPLEMENTATIONS = YES;
				CLANG_WARN_DIRECT_OBJC_ISA_USAGE = YES_ERROR;
				CLANG_WARN_DOCUMENTATION_COMMENTS = YES;
				CLANG_WARN_EMPTY_BODY = YES;
				CLANG_WARN_ENUM_CONVERSION = YES;
				CLANG_WARN_INFINITE_RECURSION = YES;
				CLANG_WARN_INT_CONVERSION = YES;
				CLANG_WARN_NON_LITERAL_NULL_CONVERSION = YES;
				CLANG_WARN_OBJC_IMPLICIT_RETAIN_SELF = YES;
				CLANG_WARN_OBJC_LITERAL_CONVERSION = YES;
				CLANG_WARN_OBJC_ROOT_CLASS = YES_ERROR;
				CLANG_WARN_QUOTED_INCLUDE_IN_FRAMEWORK_HEADER = YES;
				CLANG_WARN_RANGE_LOOP_ANALYSIS = YES;
				CLANG_WARN_STRICT_PROTOTYPES = YES;
				CLANG_WARN_SUSPICIOUS_MOVE = YES;
				CLANG_WARN_UNGUARDED_AVAILABILITY = YES_AGGRESSIVE;
				CLANG_WARN_UNREACHABLE_CODE = YES;
				CLANG_WARN__DUPLICATE_METHOD_MATCH = YES;
				COPY_PHASE_STRIP = NO;
				DEBUG_INFORMATION_FORMAT = dwarf;
				ENABLE_STRICT_OBJC_MSGSEND = YES;
				ENABLE_TESTABILITY = YES;
				ENABLE_USER_SCRIPT_SANDBOXING = YES;
				GCC_C_LANGUAGE_STANDARD = gnu17;
				GCC_DYNAMIC_NO_PIC = NO;
				GCC_NO_COMMON_BLOCKS = YES;
				GCC_OPTIMIZATION_LEVEL = 0;
				GCC_PREPROCESSOR_DEFINITIONS = (
					"DEBUG=1",
					"$(inherited)",
				);
				GCC_WARN_64_TO_32_BIT_CONVERSION = YES;
				GCC_WARN_ABOUT_RETURN_TYPE = YES_ERROR;
				GCC_WARN_UNDECLARED_SELECTOR = YES;
				GCC_WARN_UNINITIALIZED_AUTOS = YES_AGGRESSIVE;
				GCC_WARN_UNUSED_FUNCTION = YES;
				GCC_WARN_UNUSED_VARIABLE = YES;
				IPHONEOS_DEPLOYMENT_TARGET = 17.0;
				LOCALIZATION_PREFERS_STRING_CATALOGS = YES;
				MTL_ENABLE_DEBUG_INFO = INCLUDE_SOURCE;
				MTL_FAST_MATH = YES;
				ONLY_ACTIVE_ARCH = YES;
				SDKROOT = iphoneos;
				SWIFT_ACTIVE_COMPILATION_CONDITIONS = "DEBUG $(inherited)";
				SWIFT_OPTIMIZATION_LEVEL = "-Onone";
			};
			name = Debug;
		};
		A02 /* Release */ = {
			isa = XCBuildConfiguration;
			buildSettings = {
				ALWAYS_SEARCH_USER_PATHS = NO;
				ASSETCATALOG_COMPILER_GENERATE_SWIFT_ASSET_SYMBOL_EXTENSIONS = YES;
				CLANG_ANALYZER_NONNULL = YES;
				CLANG_ANALYZER_NUMBER_OBJECT_CONVERSION = YES_AGGRESSIVE;
				CLANG_CXX_LANGUAGE_STANDARD = "gnu++20";
				CLANG_ENABLE_MODULES = YES;
				CLANG_ENABLE_OBJC_ARC = YES;
				CLANG_ENABLE_OBJC_WEAK = YES;
				CLANG_WARN_BLOCK_CAPTURE_AUTORELEASING = YES;
				CLANG_WARN_BOOL_CONVERSION = YES;
				CLANG_WARN_COMMA = YES;
				CLANG_WARN_CONSTANT_CONVERSION = YES;
				CLANG_WARN_DEPRECATED_OBJC_IMPLEMENTATIONS = YES;
				CLANG_WARN_DIRECT_OBJC_ISA_USAGE = YES_ERROR;
				CLANG_WARN_DOCUMENTATION_COMMENTS = YES;
				CLANG_WARN_EMPTY_BODY = YES;
				CLANG_WARN_ENUM_CONVERSION = YES;
				CLANG_WARN_INFINITE_RECURSION = YES;
				CLANG_WARN_INT_CONVERSION = YES;
				CLANG_WARN_NON_LITERAL_NULL_CONVERSION = YES;
				CLANG_WARN_OBJC_IMPLICIT_RETAIN_SELF = YES;
				CLANG_WARN_OBJC_LITERAL_CONVERSION = YES;
				CLANG_WARN_OBJC_ROOT_CLASS = YES_ERROR;
				CLANG_WARN_QUOTED_INCLUDE_IN_FRAMEWORK_HEADER = YES;
				CLANG_WARN_RANGE_LOOP_ANALYSIS = YES;
				CLANG_WARN_STRICT_PROTOTYPES = YES;
				CLANG_WARN_SUSPICIOUS_MOVE = YES;
				CLANG_WARN_UNGUARDED_AVAILABILITY = YES_AGGRESSIVE;
				CLANG_WARN_UNREACHABLE_CODE = YES;
				CLANG_WARN__DUPLICATE_METHOD_MATCH = YES;
				COPY_PHASE_STRIP = NO;
				DEBUG_INFORMATION_FORMAT = "dwarf-with-dsym";
				ENABLE_NS_ASSERTIONS = NO;
				ENABLE_STRICT_OBJC_MSGSEND = YES;
				ENABLE_USER_SCRIPT_SANDBOXING = YES;
				GCC_C_LANGUAGE_STANDARD = gnu17;
				GCC_NO_COMMON_BLOCKS = YES;
				GCC_WARN_64_TO_32_BIT_CONVERSION = YES;
				GCC_WARN_ABOUT_RETURN_TYPE = YES_ERROR;
				GCC_WARN_UNDECLARED_SELECTOR = YES;
				GCC_WARN_UNINITIALIZED_AUTOS = YES_AGGRESSIVE;
				GCC_WARN_UNUSED_FUNCTION = YES;
				GCC_WARN_UNUSED_VARIABLE = YES;
				IPHONEOS_DEPLOYMENT_TARGET = 17.0;
				LOCALIZATION_PREFERS_STRING_CATALOGS = YES;
				MTL_ENABLE_DEBUG_INFO = NO;
				MTL_FAST_MATH = YES;
				SDKROOT = iphoneos;
				SWIFT_COMPILATION_MODE = wholemodule;
				VALIDATE_PRODUCT = YES;
			};
			name = Release;
		};
		A03 /* Debug */ = {
			isa = XCBuildConfiguration;
			buildSettings = {
				ASSETCATALOG_COMPILER_APPICON_NAME = AppIcon;
				ASSETCATALOG_COMPILER_GLOBAL_ACCENT_COLOR_NAME = AccentColor;
				CODE_SIGN_STYLE = Automatic;
				CURRENT_PROJECT_VERSION = 6;
				DEBUG_INFORMATION_FORMAT = "dwarf-with-dsym";
				ENABLE_PREVIEWS = YES;
				GENERATE_INFOPLIST_FILE = YES;
				INFOPLIST_FILE = FloatCue/Info.plist;
				INFOPLIST_KEY_CFBundleDisplayName = FloatCue;
				INFOPLIST_KEY_LSApplicationCategoryType = "public.app-category.productivity";
				INFOPLIST_KEY_UIApplicationSupportsIndirectInputEvents = YES;
				INFOPLIST_KEY_UISupportedInterfaceOrientations = "UIInterfaceOrientationLandscapeLeft UIInterfaceOrientationLandscapeRight UIInterfaceOrientationPortrait UIInterfaceOrientationPortraitUpsideDown";
				IPHONEOS_DEPLOYMENT_TARGET = 17.0;
				LD_RUNPATH_SEARCH_PATHS = (
					"$(inherited)",
					"@executable_path/Frameworks",
				);
				MARKETING_VERSION = 1.2.0;
				PRODUCT_BUNDLE_IDENTIFIER = com.gigadrill.floatcue;
				PRODUCT_NAME = "$(TARGET_NAME)";
				SUPPORTED_PLATFORMS = "iphoneos iphonesimulator";
				SUPPORTS_MACCATALYST = NO;
				SUPPORTS_MAC_DESIGNED_FOR_IPHONE_IPAD = NO;
				SUPPORTS_XR_DESIGNED_FOR_IPHONE_IPAD = NO;
				SWIFT_EMIT_LOC_STRINGS = YES;
				SWIFT_VERSION = 5.0;
				TARGETED_DEVICE_FAMILY = "1,2";
			};
			name = Debug;
		};
		A04 /* Release */ = {
			isa = XCBuildConfiguration;
			buildSettings = {
				ASSETCATALOG_COMPILER_APPICON_NAME = AppIcon;
				ASSETCATALOG_COMPILER_GLOBAL_ACCENT_COLOR_NAME = AccentColor;
				CODE_SIGN_STYLE = Automatic;
				CURRENT_PROJECT_VERSION = 6;
				DEBUG_INFORMATION_FORMAT = "dwarf-with-dsym";
				ENABLE_PREVIEWS = YES;
				GENERATE_INFOPLIST_FILE = YES;
				INFOPLIST_FILE = FloatCue/Info.plist;
				INFOPLIST_KEY_CFBundleDisplayName = FloatCue;
				INFOPLIST_KEY_LSApplicationCategoryType = "public.app-category.productivity";
				INFOPLIST_KEY_UIApplicationSupportsIndirectInputEvents = YES;
				INFOPLIST_KEY_UISupportedInterfaceOrientations = "UIInterfaceOrientationLandscapeLeft UIInterfaceOrientationLandscapeRight UIInterfaceOrientationPortrait UIInterfaceOrientationPortraitUpsideDown";
				IPHONEOS_DEPLOYMENT_TARGET = 17.0;
				LD_RUNPATH_SEARCH_PATHS = (
					"$(inherited)",
					"@executable_path/Frameworks",
				);
				MARKETING_VERSION = 1.2.0;
				PRODUCT_BUNDLE_IDENTIFIER = com.gigadrill.floatcue;
				PRODUCT_NAME = "$(TARGET_NAME)";
				SUPPORTED_PLATFORMS = "iphoneos iphonesimulator";
				SUPPORTS_MACCATALYST = NO;
				SUPPORTS_MAC_DESIGNED_FOR_IPHONE_IPAD = NO;
				SUPPORTS_XR_DESIGNED_FOR_IPHONE_IPAD = NO;
				SWIFT_EMIT_LOC_STRINGS = YES;
				SWIFT_VERSION = 5.0;
				TARGETED_DEVICE_FAMILY = "1,2";
			};
			name = Release;
		};
		B801 /* Debug */ = {
			isa = XCBuildConfiguration;
			buildSettings = {
				BUNDLE_LOADER = "$(TEST_HOST)";
				CODE_SIGN_STYLE = Automatic;
				CURRENT_PROJECT_VERSION = 1;
				GENERATE_INFOPLIST_FILE = YES;
				IPHONEOS_DEPLOYMENT_TARGET = 17.0;
				PRODUCT_BUNDLE_IDENTIFIER = com.gigadrill.floatcue.tests;
				PRODUCT_NAME = "$(TARGET_NAME)";
				SDKROOT = iphoneos;
				SUPPORTED_PLATFORMS = "iphoneos iphonesimulator";
				SWIFT_ACTIVE_COMPILATION_CONDITIONS = "DEBUG $(inherited)";
				SWIFT_VERSION = 5.0;
				TARGETED_DEVICE_FAMILY = "1,2";
				TEST_HOST = "$(BUILT_PRODUCTS_DIR)/FloatCue.app/$(BUNDLE_EXECUTABLE_FOLDER_PATH)/FloatCue";
			};
			name = Debug;
		};
		B802 /* Release */ = {
			isa = XCBuildConfiguration;
			buildSettings = {
				BUNDLE_LOADER = "$(TEST_HOST)";
				CODE_SIGN_STYLE = Automatic;
				CURRENT_PROJECT_VERSION = 1;
				GENERATE_INFOPLIST_FILE = YES;
				IPHONEOS_DEPLOYMENT_TARGET = 17.0;
				PRODUCT_BUNDLE_IDENTIFIER = com.gigadrill.floatcue.tests;
				PRODUCT_NAME = "$(TARGET_NAME)";
				SDKROOT = iphoneos;
				SUPPORTED_PLATFORMS = "iphoneos iphonesimulator";
				SWIFT_VERSION = 5.0;
				TARGETED_DEVICE_FAMILY = "1,2";
				TEST_HOST = "$(BUILT_PRODUCTS_DIR)/FloatCue.app/$(BUNDLE_EXECUTABLE_FOLDER_PATH)/FloatCue";
			};
			name = Release;
		};
/* End XCBuildConfiguration section */

/* Begin XCConfigurationList section */
		1001 /* Build configuration list for PBXProject "FloatCue" */ = {
			isa = XCConfigurationList;
			buildConfigurations = (
				A01 /* Debug */,
				A02 /* Release */,
			);
			defaultConfigurationIsVisible = 0;
			defaultConfigurationName = Release;
		};
		900 /* Build configuration list for PBXNativeTarget "FloatCue" */ = {
			isa = XCConfigurationList;
			buildConfigurations = (
				A03 /* Debug */,
				A04 /* Release */,
			);
			defaultConfigurationIsVisible = 0;
			defaultConfigurationName = Release;
		};
		B900 /* Build configuration list for PBXNativeTarget "FloatCueTests" */ = {
			isa = XCConfigurationList;
			buildConfigurations = (
				B801 /* Debug */,
				B802 /* Release */,
			);
			defaultConfigurationIsVisible = 0;
			defaultConfigurationName = Release;
		};
/* End XCConfigurationList section */

	};
	rootObject = 1000 /* Project object */;
}
